
Microsoft Visual Studio Solution File, Format Version 11.00
# Visual Studio 2010
Project("{FAE04EC0-301F-11D3-BF4B-00C04F79EFBC}") = "Assembly-CSharp", "Assembly-CSharp.csproj", "{E35B88A5-3507-0EF2-6EA2-112EC459367A}"
EndProject
Project("{FAE04EC0-301F-11D3-BF4B-00C04F79EFBC}") = "Assembly-CSharp-Editor", "Assembly-CSharp-Editor.csproj", "{1668C0A5-2F9A-8D94-D59D-FD78814E7606}"
EndProject
Global
	GlobalSection(SolutionConfigurationPlatforms) = preSolution
		Debug|Any CPU = Debug|Any CPU
		Release|Any CPU = Release|Any CPU
	EndGlobalSection
	GlobalSection(ProjectConfigurationPlatforms) = postSolution
		{E35B88A5-3507-0EF2-6EA2-112EC459367A}.Debug|Any CPU.ActiveCfg = Debug|Any CPU
		{E35B88A5-3507-0EF2-6EA2-112EC459367A}.Debug|Any CPU.Build.0 = Debug|Any CPU
		{E35B88A5-3507-0EF2-6EA2-112EC459367A}.Release|Any CPU.ActiveCfg = Release|Any CPU
		{E35B88A5-3507-0EF2-6EA2-112EC459367A}.Release|Any CPU.Build.0 = Release|Any CPU
		{1668C0A5-2F9A-8D94-D59D-FD78814E7606}.Debug|Any CPU.ActiveCfg = Debug|Any CPU
		{1668C0A5-2F9A-8D94-D59D-FD78814E7606}.Debug|Any CPU.Build.0 = Debug|Any CPU
		{1668C0A5-2F9A-8D94-D59D-FD78814E7606}.Release|Any CPU.ActiveCfg = Release|Any CPU
		{1668C0A5-2F9A-8D94-D59D-FD78814E7606}.Release|Any CPU.Build.0 = Release|Any CPU
	EndGlobalSection
	GlobalSection(SolutionProperties) = preSolution
		HideSolutionNode = FALSE
	EndGlobalSection
EndGlobal
